// !$*UTF8*$!
{
	archiveVersion = 1;
	classes = {
	};
	objectVersion = 55;
	objects = {

/* Begin PBXBuildFile section */
		C78C265727C5E48700248AB2 /* ScrumRecorderApp.swift in Sources */ = {isa = PBXBuildFile; fileRef = C78C265627C5E48700248AB2 /* ScrumRecorderApp.swift */; };
		C78C265927C5E48700248AB2 /* MeetingView.swift in Sources */ = {isa = PBXBuildFile; fileRef = C78C265827C5E48700248AB2 /* MeetingView.swift */; };
		C78C265E27C5E48900248AB2 /* Preview Assets.xcassets in Resources */ = {isa = PBXBuildFile; fileRef = C78C265D27C5E48900248AB2 /* Preview Assets.xcassets */; };
		C78C266627C6FF3900248AB2 /* Theme.swift in Sources */ = {isa = PBXBuildFile; fileRef = C78C266527C6FF3900248AB2 /* Theme.swift */; };
		C78C266827C7008C00248AB2 /* Assets.xcassets in Resources */ = {isa = PBXBuildFile; fileRef = C78C266727C7008C00248AB2 /* Assets.xcassets */; };
		C78C266A27C705BA00248AB2 /* DailyScrum.swift in Sources */ = {isa = PBXBuildFile; fileRef = C78C266927C705BA00248AB2 /* DailyScrum.swift */; };
		C78C266D27C70A2E00248AB2 /* CardView.swift in Sources */ = {isa = PBXBuildFile; fileRef = C78C266C27C70A2E00248AB2 /* CardView.swift */; };
		C78C267027C70EC900248AB2 /* TrailingIconLabelStyle.swift in Sources */ = {isa = PBXBuildFile; fileRef = C78C266F27C70EC900248AB2 /* TrailingIconLabelStyle.swift */; };
		C78C267227C71CB200248AB2 /* ScrumsView.swift in Sources */ = {isa = PBXBuildFile; fileRef = C78C267127C71CB200248AB2 /* ScrumsView.swift */; };
		C78C267727C72FE100248AB2 /* DetailView.swift in Sources */ = {isa = PBXBuildFile; fileRef = C78C267627C72FE100248AB2 /* DetailView.swift */; };
		C78C267927C7468700248AB2 /* DetailEditView.swift in Sources */ = {isa = PBXBuildFile; fileRef = C78C267827C7468700248AB2 /* DetailEditView.swift */; };
		C78C267B27C7524200248AB2 /* ThemeView.swift in Sources */ = {isa = PBXBuildFile; fileRef = C78C267A27C7524200248AB2 /* ThemeView.swift */; };
		C78C267E27C7556B00248AB2 /* ThemePicker.swift in Sources */ = {isa = PBXBuildFile; fileRef = C78C267D27C7556B00248AB2 /* ThemePicker.swift */; };
		C78C268027C9D41100248AB2 /* MeetingHeaderView.swift in Sources */ = {isa = PBXBuildFile; fileRef = C78C267F27C9D41100248AB2 /* MeetingHeaderView.swift */; };
		C78C268227C9D84900248AB2 /* ScrumProgressViewStyle.swift in Sources */ = {isa = PBXBuildFile; fileRef = C78C268127C9D84900248AB2 /* ScrumProgressViewStyle.swift */; };
		C78C268427C9DC1D00248AB2 /* ScrumTimer.swift in Sources */ = {isa = PBXBuildFile; fileRef = C78C268327C9DC1D00248AB2 /* ScrumTimer.swift */; };
		C78C268627C9EC5300248AB2 /* MeetingFooterView.swift in Sources */ = {isa = PBXBuildFile; fileRef = C78C268527C9EC5300248AB2 /* MeetingFooterView.swift */; };
/* End PBXBuildFile section */

/* Begin PBXFileReference section */
		C78C265327C5E48700248AB2 /* ScrumRecorder.app */ = {isa = PBXFileReference; explicitFileType = wrapper.application; includeInIndex = 0; path = ScrumRecorder.app; sourceTree = BUILT_PRODUCTS_DIR; };
		C78C265627C5E48700248AB2 /* ScrumRecorderApp.swift */ = {isa = PBXFileReference; lastKnownFileType = sourcecode.swift; path = ScrumRecorderApp.swift; sourceTree = "<group>"; };
		C78C265827C5E48700248AB2 /* MeetingView.swift */ = {isa = PBXFileReference; lastKnownFileType = sourcecode.swift; path = MeetingView.swift; sourceTree = "<group>"; };
		C78C265D27C5E48900248AB2 /* Preview Assets.xcassets */ = {isa = PBXFileReference; lastKnownFileType = folder.assetcatalog; path = "Preview Assets.xcassets"; sourceTree = "<group>"; };
		C78C266527C6FF3900248AB2 /* Theme.swift */ = {isa = PBXFileReference; lastKnownFileType = sourcecode.swift; path = Theme.swift; sourceTree = "<group>"; };
		C78C266727C7008C00248AB2 /* Assets.xcassets */ = {isa = PBXFileReference; lastKnownFileType = folder.assetcatalog; path = Assets.xcassets; sourceTree = "<group>"; };
		C78C266927C705BA00248AB2 /* DailyScrum.swift */ = {isa = PBXFileReference; lastKnownFileType = sourcecode.swift; path = DailyScrum.swift; sourceTree = "<group>"; };
		C78C266C27C70A2E00248AB2 /* CardView.swift */ = {isa = PBXFileReference; lastKnownFileType = sourcecode.swift; path = CardView.swift; sourceTree = "<group>"; };
		C78C266F27C70EC900248AB2 /* TrailingIconLabelStyle.swift */ = {isa = PBXFileReference; lastKnownFileType = sourcecode.swift; path = TrailingIconLabelStyle.swift; sourceTree = "<group>"; };
		C78C267127C71CB200248AB2 /* ScrumsView.swift */ = {isa = PBXFileReference; lastKnownFileType = sourcecode.swift; path = ScrumsView.swift; sourceTree = "<group>"; };
		C78C267627C72FE100248AB2 /* DetailView.swift */ = {isa = PBXFileReference; lastKnownFileType = sourcecode.swift; path = DetailView.swift; sourceTree = "<group>"; };
		C78C267827C7468700248AB2 /* DetailEditView.swift */ = {isa = PBXFileReference; lastKnownFileType = sourcecode.swift; path = DetailEditView.swift; sourceTree = "<group>"; };
		C78C267A27C7524200248AB2 /* ThemeView.swift */ = {isa = PBXFileReference; lastKnownFileType = sourcecode.swift; path = ThemeView.swift; sourceTree = "<group>"; };
		C78C267D27C7556B00248AB2 /* ThemePicker.swift */ = {isa = PBXFileReference; lastKnownFileType = sourcecode.swift; path = ThemePicker.swift; sourceTree = "<group>"; };
		C78C267F27C9D41100248AB2 /* MeetingHeaderView.swift */ = {isa = PBXFileReference; lastKnownFileType = sourcecode.swift; path = MeetingHeaderView.swift; sourceTree = "<group>"; };
		C78C268127C9D84900248AB2 /* ScrumProgressViewStyle.swift */ = {isa = PBXFileReference; lastKnownFileType = sourcecode.swift; path = ScrumProgressViewStyle.swift; sourceTree = "<group>"; };
		C78C268327C9DC1D00248AB2 /* ScrumTimer.swift */ = {isa = PBXFileReference; lastKnownFileType = sourcecode.swift; path = ScrumTimer.swift; sourceTree = "<group>"; };
		C78C268527C9EC5300248AB2 /* MeetingFooterView.swift */ = {isa = PBXFileReference; lastKnownFileType = sourcecode.swift; path = MeetingFooterView.swift; sourceTree = "<group>"; };
/* End PBXFileReference section */

/* Begin PBXFrameworksBuildPhase section */
		C78C265027C5E48700248AB2 /* Frameworks */ = {
			isa = PBXFrameworksBuildPhase;
			buildActionMask = 2147483647;
			files = (
			);
			runOnlyForDeploymentPostprocessing = 0;
		};
/* End PBXFrameworksBuildPhase section */

/* Begin PBXGroup section */
		C78C264A27C5E48700248AB2 = {
			isa = PBXGroup;
			children = (
				C78C265527C5E48700248AB2 /* ScrumRecorder */,
				C78C265427C5E48700248AB2 /* Products */,
			);
			sourceTree = "<group>";
		};
		C78C265427C5E48700248AB2 /* Products */ = {
			isa = PBXGroup;
			children = (
				C78C265327C5E48700248AB2 /* ScrumRecorder.app */,
			);
			name = Products;
			sourceTree = "<group>";
		};
		C78C265527C5E48700248AB2 /* ScrumRecorder */ = {
			isa = PBXGroup;
			children = (
				C78C266B27C70A0900248AB2 /* Views */,
				C78C266427C6FF1D00248AB2 /* Models */,
				C78C265627C5E48700248AB2 /* ScrumRecorderApp.swift */,
				C78C266727C7008C00248AB2 /* Assets.xcassets */,
				C78C265C27C5E48900248AB2 /* Preview Content */,
			);
			path = ScrumRecorder;
			sourceTree = "<group>";
		};
		C78C265C27C5E48900248AB2 /* Preview Content */ = {
			isa = PBXGroup;
			children = (
				C78C265D27C5E48900248AB2 /* Preview Assets.xcassets */,
			);
			path = "Preview Content";
			sourceTree = "<group>";
		};
		C78C266427C6FF1D00248AB2 /* Models */ = {
			isa = PBXGroup;
			children = (
				C78C266527C6FF3900248AB2 /* Theme.swift */,
				C78C266927C705BA00248AB2 /* DailyScrum.swift */,
				C78C268327C9DC1D00248AB2 /* ScrumTimer.swift */,
			);
			path = Models;
			sourceTree = "<group>";
		};
		C78C266B27C70A0900248AB2 /* Views */ = {
			isa = PBXGroup;
			children = (
				C78C267C27C754B500248AB2 /* Theme */,
				C78C267527C72FD200248AB2 /* Details */,
				C78C267427C72FAC00248AB2 /* Meeting */,
				C78C267327C72F8200248AB2 /* ScrumsList */,
				C78C266E27C70EAC00248AB2 /* Styles */,
			);
			path = Views;
			sourceTree = "<group>";
		};
		C78C266E27C70EAC00248AB2 /* Styles */ = {
			isa = PBXGroup;
			children = (
				C78C266F27C70EC900248AB2 /* TrailingIconLabelStyle.swift */,
				C78C268127C9D84900248AB2 /* ScrumProgressViewStyle.swift */,
			);
			path = Styles;
			sourceTree = "<group>";
		};
		C78C267327C72F8200248AB2 /* ScrumsList */ = {
			isa = PBXGroup;
			children = (
				C78C266C27C70A2E00248AB2 /* CardView.swift */,
				C78C267127C71CB200248AB2 /* ScrumsView.swift */,
			);
			path = ScrumsList;
			sourceTree = "<group>";
		};
		C78C267427C72FAC00248AB2 /* Meeting */ = {
			isa = PBXGroup;
			children = (
				C78C265827C5E48700248AB2 /* MeetingView.swift */,
				C78C267F27C9D41100248AB2 /* MeetingHeaderView.swift */,
				C78C268527C9EC5300248AB2 /* MeetingFooterView.swift */,
			);
			path = Meeting;
			sourceTree = "<group>";
		};
		C78C267527C72FD200248AB2 /* Details */ = {
			isa = PBXGroup;
			children = (
				C78C267627C72FE100248AB2 /* DetailView.swift */,
				C78C267827C7468700248AB2 /* DetailEditView.swift */,
			);
			path = Details;
			sourceTree = "<group>";
		};
		C78C267C27C754B500248AB2 /* Theme */ = {
			isa = PBXGroup;
			children = (
				C78C267A27C7524200248AB2 /* ThemeView.swift */,
				C78C267D27C7556B00248AB2 /* ThemePicker.swift */,
			);
			path = Theme;
			sourceTree = "<group>";
		};
/* End PBXGroup section */

/* Begin PBXNativeTarget section */
		C78C265227C5E48700248AB2 /* ScrumRecorder */ = {
			isa = PBXNativeTarget;
			buildConfigurationList = C78C266127C5E48900248AB2 /* Build configuration list for PBXNativeTarget "ScrumRecorder" */;
			buildPhases = (
				C78C264F27C5E48700248AB2 /* Sources */,
				C78C265027C5E48700248AB2 /* Frameworks */,
				C78C265127C5E48700248AB2 /* Resources */,
			);
			buildRules = (
			);
			dependencies = (
			);
			name = ScrumRecorder;
			productName = ScrumRecorder;
			productReference = C78C265327C5E48700248AB2 /* ScrumRecorder.app */;
			productType = "com.apple.product-type.application";
		};
/* End PBXNativeTarget section */

/* Begin PBXProject section */
		C78C264B27C5E48700248AB2 /* Project object */ = {
			isa = PBXProject;
			attributes = {
				BuildIndependentTargetsInParallel = 1;
				LastSwiftUpdateCheck = 1320;
				LastUpgradeCheck = 1320;
				TargetAttributes = {
					C78C265227C5E48700248AB2 = {
						CreatedOnToolsVersion = 13.2.1;
					};
				};
			};
			buildConfigurationList = C78C264E27C5E48700248AB2 /* Build configuration list for PBXProject "ScrumRecorder" */;
			compatibilityVersion = "Xcode 13.0";
			developmentRegion = en;
			hasScannedForEncodings = 0;
			knownRegions = (
				en,
				Base,
			);
			mainGroup = C78C264A27C5E48700248AB2;
			productRefGroup = C78C265427C5E48700248AB2 /* Products */;
			projectDirPath = "";
			projectRoot = "";
			targets = (
				C78C265227C5E48700248AB2 /* ScrumRecorder */,
			);
		};
/* End PBXProject section */

/* Begin PBXResourcesBuildPhase section */
		C78C265127C5E48700248AB2 /* Resources */ = {
			isa = PBXResourcesBuildPhase;
			buildActionMask = 2147483647;
			files = (
				C78C266827C7008C00248AB2 /* Assets.xcassets in Resources */,
				C78C265E27C5E48900248AB2 /* Preview Assets.xcassets in Resources */,
			);
			runOnlyForDeploymentPostprocessing = 0;
		};
/* End PBXResourcesBuildPhase section */

/* Begin PBXSourcesBuildPhase section */
		C78C264F27C5E48700248AB2 /* Sources */ = {
			isa = PBXSourcesBuildPhase;
			buildActionMask = 2147483647;
			files = (
				C78C267E27C7556B00248AB2 /* ThemePicker.swift in Sources */,
				C78C268227C9D84900248AB2 /* ScrumProgressViewStyle.swift in Sources */,
				C78C268627C9EC5300248AB2 /* MeetingFooterView.swift in Sources */,
				C78C268427C9DC1D00248AB2 /* ScrumTimer.swift in Sources */,
				C78C266A27C705BA00248AB2 /* DailyScrum.swift in Sources */,
				C78C267727C72FE100248AB2 /* DetailView.swift in Sources */,
				C78C267927C7468700248AB2 /* DetailEditView.swift in Sources */,
				C78C267027C70EC900248AB2 /* TrailingIconLabelStyle.swift in Sources */,
				C78C266627C6FF3900248AB2 /* Theme.swift in Sources */,
				C78C267227C71CB200248AB2 /* ScrumsView.swift in Sources */,
				C78C265927C5E48700248AB2 /* MeetingView.swift in Sources */,
				C78C265727C5E48700248AB2 /* ScrumRecorderApp.swift in Sources */,
				C78C267B27C7524200248AB2 /* ThemeView.swift in Sources */,
				C78C266D27C70A2E00248AB2 /* CardView.swift in Sources */,
				C78C268027C9D41100248AB2 /* MeetingHeaderView.swift in Sources */,
			);
			runOnlyForDeploymentPostprocessing = 0;
		};
/* End PBXSourcesBuildPhase section */

/* Begin XCBuildConfiguration section */
		C78C265F27C5E48900248AB2 /* Debug */ = {
			isa = XCBuildConfiguration;
			buildSettings = {
				ALWAYS_SEARCH_USER_PATHS = NO;
				CLANG_ANALYZER_NONNULL = YES;
				CLANG_ANALYZER_NUMBER_OBJECT_CONVERSION = YES_AGGRESSIVE;
				CLANG_CXX_LANGUAGE_STANDARD = "gnu++17";
				CLANG_CXX_LIBRARY = "libc++";
				CLANG_ENABLE_MODULES = YES;
				CLANG_ENABLE_OBJC_ARC = YES;
				CLANG_ENABLE_OBJC_WEAK = YES;
				CLANG_WARN_BLOCK_CAPTURE_AUTORELEASING = YES;
				CLANG_WARN_BOOL_CONVERSION = YES;
				CLANG_WARN_COMMA = YES;
				CLANG_WARN_CONSTANT_CONVERSION = YES;
				CLANG_WARN_DEPRECATED_OBJC_IMPLEMENTATIONS = YES;
				CLANG_WARN_DIRECT_OBJC_ISA_USAGE = YES_ERROR;
				CLANG_WARN_DOCUMENTATION_COMMENTS = YES;
				CLANG_WARN_EMPTY_BODY = YES;
				CLANG_WARN_ENUM_CONVERSION = YES;
				CLANG_WARN_INFINITE_RECURSION = YES;
				CLANG_WARN_INT_CONVERSION = YES;
				CLANG_WARN_NON_LITERAL_NULL_CONVERSION = YES;
				CLANG_WARN_OBJC_IMPLICIT_RETAIN_SELF = YES;
				CLANG_WARN_OBJC_LITERAL_CONVERSION = YES;
				CLANG_WARN_OBJC_ROOT_CLASS = YES_ERROR;
				CLANG_WARN_QUOTED_INCLUDE_IN_FRAMEWORK_HEADER = YES;
				CLANG_WARN_RANGE_LOOP_ANALYSIS = YES;
				CLANG_WARN_STRICT_PROTOTYPES = YES;
				CLANG_WARN_SUSPICIOUS_MOVE = YES;
				CLANG_WARN_UNGUARDED_AVAILABILITY = YES_AGGRESSIVE;
				CLANG_WARN_UNREACHABLE_CODE = YES;
				CLANG_WARN__DUPLICATE_METHOD_MATCH = YES;
				COPY_PHASE_STRIP = NO;
				DEBUG_INFORMATION_FORMAT = dwarf;
				ENABLE_STRICT_OBJC_MSGSEND = YES;
				ENABLE_TESTABILITY = YES;
				GCC_C_LANGUAGE_STANDARD = gnu11;
				GCC_DYNAMIC_NO_PIC = NO;
				GCC_NO_COMMON_BLOCKS = YES;
				GCC_OPTIMIZATION_LEVEL = 0;
				GCC_PREPROCESSOR_DEFINITIONS = (
					"DEBUG=1",
					"$(inherited)",
				);
				GCC_WARN_64_TO_32_BIT_CONVERSION = YES;
				GCC_WARN_ABOUT_RETURN_TYPE = YES_ERROR;
				GCC_WARN_UNDECLARED_SELECTOR = YES;
				GCC_WARN_UNINITIALIZED_AUTOS = YES_AGGRESSIVE;
				GCC_WARN_UNUSED_FUNCTION = YES;
				GCC_WARN_UNUSED_VARIABLE = YES;
				IPHONEOS_DEPLOYMENT_TARGET = 15.2;
				MTL_ENABLE_DEBUG_INFO = INCLUDE_SOURCE;
				MTL_FAST_MATH = YES;
				ONLY_ACTIVE_ARCH = YES;
				SDKROOT = iphoneos;
				SWIFT_ACTIVE_COMPILATION_CONDITIONS = DEBUG;
				SWIFT_OPTIMIZATION_LEVEL = "-Onone";
			};
			name = Debug;
		};
		C78C266027C5E48900248AB2 /* Release */ = {
			isa = XCBuildConfiguration;
			buildSettings = {
				ALWAYS_SEARCH_USER_PATHS = NO;
				CLANG_ANALYZER_NONNULL = YES;
				CLANG_ANALYZER_NUMBER_OBJECT_CONVERSION = YES_AGGRESSIVE;
				CLANG_CXX_LANGUAGE_STANDARD = "gnu++17";
				CLANG_CXX_LIBRARY = "libc++";
				CLANG_ENABLE_MODULES = YES;
				CLANG_ENABLE_OBJC_ARC = YES;
				CLANG_ENABLE_OBJC_WEAK = YES;
				CLANG_WARN_BLOCK_CAPTURE_AUTORELEASING = YES;
				CLANG_WARN_BOOL_CONVERSION = YES;
				CLANG_WARN_COMMA = YES;
				CLANG_WARN_CONSTANT_CONVERSION = YES;
				CLANG_WARN_DEPRECATED_OBJC_IMPLEMENTATIONS = YES;
				CLANG_WARN_DIRECT_OBJC_ISA_USAGE = YES_ERROR;
				CLANG_WARN_DOCUMENTATION_COMMENTS = YES;
				CLANG_WARN_EMPTY_BODY = YES;
				CLANG_WARN_ENUM_CONVERSION = YES;
				CLANG_WARN_INFINITE_RECURSION = YES;
				CLANG_WARN_INT_CONVERSION = YES;
				CLANG_WARN_NON_LITERAL_NULL_CONVERSION = YES;
				CLANG_WARN_OBJC_IMPLICIT_RETAIN_SELF = YES;
				CLANG_WARN_OBJC_LITERAL_CONVERSION = YES;
				CLANG_WARN_OBJC_ROOT_CLASS = YES_ERROR;
				CLANG_WARN_QUOTED_INCLUDE_IN_FRAMEWORK_HEADER = YES;
				CLANG_WARN_RANGE_LOOP_ANALYSIS = YES;
				CLANG_WARN_STRICT_PROTOTYPES = YES;
				CLANG_WARN_SUSPICIOUS_MOVE = YES;
				CLANG_WARN_UNGUARDED_AVAILABILITY = YES_AGGRESSIVE;
				CLANG_WARN_UNREACHABLE_CODE = YES;
				CLANG_WARN__DUPLICATE_METHOD_MATCH = YES;
				COPY_PHASE_STRIP = NO;
				DEBUG_INFORMATION_FORMAT = "dwarf-with-dsym";
				ENABLE_NS_ASSERTIONS = NO;
				ENABLE_STRICT_OBJC_MSGSEND = YES;
				GCC_C_LANGUAGE_STANDARD = gnu11;
				GCC_NO_COMMON_BLOCKS = YES;
				GCC_WARN_64_TO_32_BIT_CONVERSION = YES;
				GCC_WARN_ABOUT_RETURN_TYPE = YES_ERROR;
				GCC_WARN_UNDECLARED_SELECTOR = YES;
				GCC_WARN_UNINITIALIZED_AUTOS = YES_AGGRESSIVE;
				GCC_WARN_UNUSED_FUNCTION = YES;
				GCC_WARN_UNUSED_VARIABLE = YES;
				IPHONEOS_DEPLOYMENT_TARGET = 15.2;
				MTL_ENABLE_DEBUG_INFO = NO;
				MTL_FAST_MATH = YES;
				SDKROOT = iphoneos;
				SWIFT_COMPILATION_MODE = wholemodule;
				SWIFT_OPTIMIZATION_LEVEL = "-O";
				VALIDATE_PRODUCT = YES;
			};
			name = Release;
		};
		C78C266227C5E48900248AB2 /* Debug */ = {
			isa = XCBuildConfiguration;
			buildSettings = {
				ASSETCATALOG_COMPILER_APPICON_NAME = AppIcon;
				ASSETCATALOG_COMPILER_GLOBAL_ACCENT_COLOR_NAME = AccentColor;
				CODE_SIGN_STYLE = Automatic;
				CURRENT_PROJECT_VERSION = 1;
				DEVELOPMENT_ASSET_PATHS = "\"ScrumRecorder/Preview Content\"";
				DEVELOPMENT_TEAM = VD8R79VPP9;
				ENABLE_PREVIEWS = YES;
				GENERATE_INFOPLIST_FILE = YES;
				INFOPLIST_KEY_UIApplicationSceneManifest_Generation = YES;
				INFOPLIST_KEY_UIApplicationSupportsIndirectInputEvents = YES;
				INFOPLIST_KEY_UILaunchScreen_Generation = YES;
				INFOPLIST_KEY_UISupportedInterfaceOrientations_iPad = "UIInterfaceOrientationPortrait UIInterfaceOrientationPortraitUpsideDown UIInterfaceOrientationLandscapeLeft UIInterfaceOrientationLandscapeRight";
				INFOPLIST_KEY_UISupportedInterfaceOrientations_iPhone = "UIInterfaceOrientationPortrait UIInterfaceOrientationLandscapeLeft UIInterfaceOrientationLandscapeRight";
				LD_RUNPATH_SEARCH_PATHS = (
					"$(inherited)",
					"@executable_path/Frameworks",
				);
				MARKETING_VERSION = 1.0;
				PRODUCT_BUNDLE_IDENTIFIER = com.eventuallygames.ScrumRecorder;
				PRODUCT_NAME = "$(TARGET_NAME)";
				SWIFT_EMIT_LOC_STRINGS = YES;
				SWIFT_VERSION = 5.0;
				TARGETED_DEVICE_FAMILY = "1,2";
			};
			name = Debug;
		};
		C78C266327C5E48900248AB2 /* Release */ = {
			isa = XCBuildConfiguration;
			buildSettings = {
				ASSETCATALOG_COMPILER_APPICON_NAME = AppIcon;
				ASSETCATALOG_COMPILER_GLOBAL_ACCENT_COLOR_NAME = AccentColor;
				CODE_SIGN_STYLE = Automatic;
				CURRENT_PROJECT_VERSION = 1;
				DEVELOPMENT_ASSET_PATHS = "\"ScrumRecorder/Preview Content\"";
				DEVELOPMENT_TEAM = VD8R79VPP9;
				ENABLE_PREVIEWS = YES;
				GENERATE_INFOPLIST_FILE = YES;
				INFOPLIST_KEY_UIApplicationSceneManifest_Generation = YES;
				INFOPLIST_KEY_UIApplicationSupportsIndirectInputEvents = YES;
				INFOPLIST_KEY_UILaunchScreen_Generation = YES;
				INFOPLIST_KEY_UISupportedInterfaceOrientations_iPad = "UIInterfaceOrientationPortrait UIInterfaceOrientationPortraitUpsideDown UIInterfaceOrientationLandscapeLeft UIInterfaceOrientationLandscapeRight";
				INFOPLIST_KEY_UISupportedInterfaceOrientations_iPhone = "UIInterfaceOrientationPortrait UIInterfaceOrientationLandscapeLeft UIInterfaceOrientationLandscapeRight";
				LD_RUNPATH_SEARCH_PATHS = (
					"$(inherited)",
					"@executable_path/Frameworks",
				);
				MARKETING_VERSION = 1.0;
				PRODUCT_BUNDLE_IDENTIFIER = com.eventuallygames.ScrumRecorder;
				PRODUCT_NAME = "$(TARGET_NAME)";
				SWIFT_EMIT_LOC_STRINGS = YES;
				SWIFT_VERSION = 5.0;
				TARGETED_DEVICE_FAMILY = "1,2";
			};
			name = Release;
		};
/* End XCBuildConfiguration section */

/* Begin XCConfigurationList section */
		C78C264E27C5E48700248AB2 /* Build configuration list for PBXProject "ScrumRecorder" */ = {
			isa = XCConfigurationList;
			buildConfigurations = (
				C78C265F27C5E48900248AB2 /* Debug */,
				C78C266027C5E48900248AB2 /* Release */,
			);
			defaultConfigurationIsVisible = 0;
			defaultConfigurationName = Release;
		};
		C78C266127C5E48900248AB2 /* Build configuration list for PBXNativeTarget "ScrumRecorder" */ = {
			isa = XCConfigurationList;
			buildConfigurations = (
				C78C266227C5E48900248AB2 /* Debug */,
				C78C266327C5E48900248AB2 /* Release */,
			);
			defaultConfigurationIsVisible = 0;
			defaultConfigurationName = Release;
		};
/* End XCConfigurationList section */
	};
	rootObject = C78C264B27C5E48700248AB2 /* Project object */;
}
